// !$*UTF8*$!
{
	archiveVersion = 1;
	classes = {};
	objectVersion = 56;
	objects = {

/* Begin PBXBuildFile section */
		A10000000000000000000001 /* MonitorMirrorApp.swift in Sources */ = {isa = PBXBuildFile; fileRef = B10000000000000000000001 /* MonitorMirrorApp.swift */; };
		A10000000000000000000002 /* ContentView.swift in Sources */ = {isa = PBXBuildFile; fileRef = B10000000000000000000002 /* ContentView.swift */; };
		A10000000000000000000003 /* PairingPayload.swift in Sources */ = {isa = PBXBuildFile; fileRef = B10000000000000000000003 /* PairingPayload.swift */; };
		A10000000000000000000004 /* PeerSession.swift in Sources */ = {isa = PBXBuildFile; fileRef = B10000000000000000000004 /* PeerSession.swift */; };
		A10000000000000000000005 /* QRCodeView.swift in Sources */ = {isa = PBXBuildFile; fileRef = B10000000000000000000005 /* QRCodeView.swift */; };
		A10000000000000000000006 /* QRScannerView.swift in Sources */ = {isa = PBXBuildFile; fileRef = B10000000000000000000006 /* QRScannerView.swift */; };
		A10000000000000000000007 /* CameraProcessor.swift in Sources */ = {isa = PBXBuildFile; fileRef = B10000000000000000000007 /* CameraProcessor.swift */; };
		A10000000000000000000008 /* ViewerView.swift in Sources */ = {isa = PBXBuildFile; fileRef = B10000000000000000000008 /* ViewerView.swift */; };
		A10000000000000000000009 /* SenderView.swift in Sources */ = {isa = PBXBuildFile; fileRef = B10000000000000000000009 /* SenderView.swift */; };
		A10000000000000000000010 /* PrivacyInfo.xcprivacy in Resources */ = {isa = PBXBuildFile; fileRef = B10000000000000000000011 /* PrivacyInfo.xcprivacy */; };
		A10000000000000000000011 /* Assets.xcassets in Resources */ = {isa = PBXBuildFile; fileRef = B10000000000000000000013 /* Assets.xcassets */; };
		A10000000000000000000012 /* H264AccessUnit.swift in Sources */ = {isa = PBXBuildFile; fileRef = B10000000000000000000014 /* H264AccessUnit.swift */; };
		A10000000000000000000013 /* H264Encoder.swift in Sources */ = {isa = PBXBuildFile; fileRef = B10000000000000000000015 /* H264Encoder.swift */; };
		A10000000000000000000014 /* H264Decoder.swift in Sources */ = {isa = PBXBuildFile; fileRef = B10000000000000000000016 /* H264Decoder.swift */; };
/* End PBXBuildFile section */

/* Begin PBXFileReference section */
		B10000000000000000000001 /* MonitorMirrorApp.swift */ = {isa = PBXFileReference; lastKnownFileType = sourcecode.swift; path = MonitorMirrorApp.swift; sourceTree = "<group>"; };
		B10000000000000000000002 /* ContentView.swift */ = {isa = PBXFileReference; lastKnownFileType = sourcecode.swift; path = ContentView.swift; sourceTree = "<group>"; };
		B10000000000000000000003 /* PairingPayload.swift */ = {isa = PBXFileReference; lastKnownFileType = sourcecode.swift; path = PairingPayload.swift; sourceTree = "<group>"; };
		B10000000000000000000004 /* PeerSession.swift */ = {isa = PBXFileReference; lastKnownFileType = sourcecode.swift; path = PeerSession.swift; sourceTree = "<group>"; };
		B10000000000000000000005 /* QRCodeView.swift */ = {isa = PBXFileReference; lastKnownFileType = sourcecode.swift; path = QRCodeView.swift; sourceTree = "<group>"; };
		B10000000000000000000006 /* QRScannerView.swift */ = {isa = PBXFileReference; lastKnownFileType = sourcecode.swift; path = QRScannerView.swift; sourceTree = "<group>"; };
		B10000000000000000000007 /* CameraProcessor.swift */ = {isa = PBXFileReference; lastKnownFileType = sourcecode.swift; path = CameraProcessor.swift; sourceTree = "<group>"; };
		B10000000000000000000008 /* ViewerView.swift */ = {isa = PBXFileReference; lastKnownFileType = sourcecode.swift; path = ViewerView.swift; sourceTree = "<group>"; };
		B10000000000000000000009 /* SenderView.swift */ = {isa = PBXFileReference; lastKnownFileType = sourcecode.swift; path = SenderView.swift; sourceTree = "<group>"; };
		B10000000000000000000010 /* Info.plist */ = {isa = PBXFileReference; lastKnownFileType = text.plist.xml; path = Info.plist; sourceTree = "<group>"; };
		B10000000000000000000011 /* PrivacyInfo.xcprivacy */ = {isa = PBXFileReference; lastKnownFileType = text.xml; path = PrivacyInfo.xcprivacy; sourceTree = "<group>"; };
		B10000000000000000000012 /* MonitorMirror.app */ = {isa = PBXFileReference; explicitFileType = wrapper.application; includeInIndex = 0; path = MonitorMirror.app; sourceTree = BUILT_PRODUCTS_DIR; };
		B10000000000000000000013 /* Assets.xcassets */ = {isa = PBXFileReference; lastKnownFileType = folder.assetcatalog; path = Assets.xcassets; sourceTree = "<group>"; };
		B10000000000000000000014 /* H264AccessUnit.swift */ = {isa = PBXFileReference; lastKnownFileType = sourcecode.swift; path = H264AccessUnit.swift; sourceTree = "<group>"; };
		B10000000000000000000015 /* H264Encoder.swift */ = {isa = PBXFileReference; lastKnownFileType = sourcecode.swift; path = H264Encoder.swift; sourceTree = "<group>"; };
		B10000000000000000000016 /* H264Decoder.swift */ = {isa = PBXFileReference; lastKnownFileType = sourcecode.swift; path = H264Decoder.swift; sourceTree = "<group>"; };
/* End PBXFileReference section */

/* Begin PBXFrameworksBuildPhase section */
		C10000000000000000000001 /* Frameworks */ = {
			isa = PBXFrameworksBuildPhase;
			buildActionMask = 2147483647;
			files = ();
			runOnlyForDeploymentPostprocessing = 0;
		};
/* End PBXFrameworksBuildPhase section */

/* Begin PBXGroup section */
		D10000000000000000000001 = {
			isa = PBXGroup;
			children = (
				D10000000000000000000002 /* MonitorMirror */,
				D10000000000000000000003 /* Products */,
			);
			sourceTree = "<group>";
		};
		D10000000000000000000002 /* MonitorMirror */ = {
			isa = PBXGroup;
			children = (
				B10000000000000000000001 /* MonitorMirrorApp.swift */,
				B10000000000000000000002 /* ContentView.swift */,
				B10000000000000000000003 /* PairingPayload.swift */,
				B10000000000000000000004 /* PeerSession.swift */,
				B10000000000000000000005 /* QRCodeView.swift */,
				B10000000000000000000006 /* QRScannerView.swift */,
				B10000000000000000000007 /* CameraProcessor.swift */,
				B10000000000000000000008 /* ViewerView.swift */,
				B10000000000000000000009 /* SenderView.swift */,
				B10000000000000000000010 /* Info.plist */,
				B10000000000000000000011 /* PrivacyInfo.xcprivacy */,
				B10000000000000000000013 /* Assets.xcassets */,
				B10000000000000000000014 /* H264AccessUnit.swift */,
				B10000000000000000000015 /* H264Encoder.swift */,
				B10000000000000000000016 /* H264Decoder.swift */,
			);
			path = MonitorMirror;
			sourceTree = "<group>";
		};
		D10000000000000000000003 /* Products */ = {
			isa = PBXGroup;
			children = (
				B10000000000000000000012 /* MonitorMirror.app */,
			);
			name = Products;
			sourceTree = "<group>";
		};
/* End PBXGroup section */

/* Begin PBXNativeTarget section */
		E10000000000000000000001 /* MonitorMirror */ = {
			isa = PBXNativeTarget;
			buildConfigurationList = F10000000000000000000002 /* Build configuration list for PBXNativeTarget "MonitorMirror" */;
			buildPhases = (
				C10000000000000000000003 /* Sources */,
				C10000000000000000000001 /* Frameworks */,
				C10000000000000000000002 /* Resources */,
			);
			buildRules = ();
			dependencies = ();
			name = MonitorMirror;
			productName = MonitorMirror;
			productReference = B10000000000000000000012 /* MonitorMirror.app */;
			productType = "com.apple.product-type.application";
		};
/* End PBXNativeTarget section */

/* Begin PBXProject section */
		E10000000000000000000002 /* Project object */ = {
			isa = PBXProject;
			attributes = {
				BuildIndependentTargetsInParallel = 1;
				LastSwiftUpdateCheck = 1600;
				LastUpgradeCheck = 1600;
				TargetAttributes = {
					E10000000000000000000001 = { CreatedOnToolsVersion = 16.0; };
				};
			};
			buildConfigurationList = F10000000000000000000001 /* Build configuration list for PBXProject "MonitorMirror" */;
			compatibilityVersion = "Xcode 14.0";
			developmentRegion = en;
			hasScannedForEncodings = 0;
			knownRegions = (en, Base);
			mainGroup = D10000000000000000000001;
			productRefGroup = D10000000000000000000003 /* Products */;
			projectDirPath = "";
			projectRoot = "";
			targets = (E10000000000000000000001 /* MonitorMirror */);
		};
/* End PBXProject section */

/* Begin PBXResourcesBuildPhase section */
		C10000000000000000000002 /* Resources */ = {
			isa = PBXResourcesBuildPhase;
			buildActionMask = 2147483647;
			files = (
				A10000000000000000000010 /* PrivacyInfo.xcprivacy in Resources */,
				A10000000000000000000011 /* Assets.xcassets in Resources */,
			);
			runOnlyForDeploymentPostprocessing = 0;
		};
/* End PBXResourcesBuildPhase section */

/* Begin PBXSourcesBuildPhase section */
		C10000000000000000000003 /* Sources */ = {
			isa = PBXSourcesBuildPhase;
			buildActionMask = 2147483647;
			files = (
				A10000000000000000000001 /* MonitorMirrorApp.swift in Sources */,
				A10000000000000000000002 /* ContentView.swift in Sources */,
				A10000000000000000000003 /* PairingPayload.swift in Sources */,
				A10000000000000000000004 /* PeerSession.swift in Sources */,
				A10000000000000000000005 /* QRCodeView.swift in Sources */,
				A10000000000000000000006 /* QRScannerView.swift in Sources */,
				A10000000000000000000007 /* CameraProcessor.swift in Sources */,
				A10000000000000000000008 /* ViewerView.swift in Sources */,
				A10000000000000000000009 /* SenderView.swift in Sources */,
				A10000000000000000000012 /* H264AccessUnit.swift in Sources */,
				A10000000000000000000013 /* H264Encoder.swift in Sources */,
				A10000000000000000000014 /* H264Decoder.swift in Sources */,
			);
			runOnlyForDeploymentPostprocessing = 0;
		};
/* End PBXSourcesBuildPhase section */

/* Begin XCBuildConfiguration section */
		G10000000000000000000001 /* Debug */ = {
			isa = XCBuildConfiguration;
			buildSettings = {
				ALWAYS_SEARCH_USER_PATHS = NO;
				CLANG_ENABLE_MODULES = YES;
				CLANG_ENABLE_OBJC_ARC = YES;
				COPY_PHASE_STRIP = NO;
				DEBUG_INFORMATION_FORMAT = dwarf;
				ENABLE_TESTABILITY = YES;
				GCC_C_LANGUAGE_STANDARD = gnu17;
				GCC_OPTIMIZATION_LEVEL = 0;
				IPHONEOS_DEPLOYMENT_TARGET = 17.0;
				ONLY_ACTIVE_ARCH = YES;
				SDKROOT = iphoneos;
				SWIFT_ACTIVE_COMPILATION_CONDITIONS = DEBUG;
				SWIFT_OPTIMIZATION_LEVEL = "-Onone";
			};
			name = Debug;
		};
		G10000000000000000000002 /* Release */ = {
			isa = XCBuildConfiguration;
			buildSettings = {
				ALWAYS_SEARCH_USER_PATHS = NO;
				CLANG_ENABLE_MODULES = YES;
				CLANG_ENABLE_OBJC_ARC = YES;
				COPY_PHASE_STRIP = YES;
				DEBUG_INFORMATION_FORMAT = "dwarf-with-dsym";
				GCC_C_LANGUAGE_STANDARD = gnu17;
				IPHONEOS_DEPLOYMENT_TARGET = 17.0;
				SDKROOT = iphoneos;
				SWIFT_COMPILATION_MODE = wholemodule;
				SWIFT_OPTIMIZATION_LEVEL = "-O";
				VALIDATE_PRODUCT = YES;
			};
			name = Release;
		};
		G10000000000000000000003 /* Debug */ = {
			isa = XCBuildConfiguration;
			buildSettings = {
				ASSETCATALOG_COMPILER_APPICON_NAME = AppIcon;
				CODE_SIGN_STYLE = Automatic;
				CURRENT_PROJECT_VERSION = 12;
				DEVELOPMENT_TEAM = "";
				ENABLE_PREVIEWS = YES;
				GENERATE_INFOPLIST_FILE = NO;
				INFOPLIST_FILE = MonitorMirror/Info.plist;
				IPHONEOS_DEPLOYMENT_TARGET = 17.0;
				MARKETING_VERSION = 1.1.0;
				PRODUCT_BUNDLE_IDENTIFIER = com.example.MonitorMirror;
				PRODUCT_NAME = "$(TARGET_NAME)";
				SUPPORTED_PLATFORMS = "iphoneos iphonesimulator";
				SUPPORTS_MACCATALYST = NO;
				SWIFT_EMIT_LOC_STRINGS = YES;
				SWIFT_VERSION = 5.0;
				TARGETED_DEVICE_FAMILY = "1,2";
			};
			name = Debug;
		};
		G10000000000000000000004 /* Release */ = {
			isa = XCBuildConfiguration;
			buildSettings = {
				ASSETCATALOG_COMPILER_APPICON_NAME = AppIcon;
				CODE_SIGN_STYLE = Automatic;
				CURRENT_PROJECT_VERSION = 12;
				DEVELOPMENT_TEAM = "";
				GENERATE_INFOPLIST_FILE = NO;
				INFOPLIST_FILE = MonitorMirror/Info.plist;
				IPHONEOS_DEPLOYMENT_TARGET = 17.0;
				MARKETING_VERSION = 1.1.0;
				PRODUCT_BUNDLE_IDENTIFIER = com.example.MonitorMirror;
				PRODUCT_NAME = "$(TARGET_NAME)";
				SUPPORTED_PLATFORMS = "iphoneos iphonesimulator";
				SUPPORTS_MACCATALYST = NO;
				SWIFT_EMIT_LOC_STRINGS = YES;
				SWIFT_VERSION = 5.0;
				TARGETED_DEVICE_FAMILY = "1,2";
			};
			name = Release;
		};
/* End XCBuildConfiguration section */

/* Begin XCConfigurationList section */
		F10000000000000000000001 /* Build configuration list for PBXProject "MonitorMirror" */ = {
			isa = XCConfigurationList;
			buildConfigurations = (G10000000000000000000001 /* Debug */, G10000000000000000000002 /* Release */);
			defaultConfigurationIsVisible = 0;
			defaultConfigurationName = Release;
		};
		F10000000000000000000002 /* Build configuration list for PBXNativeTarget "MonitorMirror" */ = {
			isa = XCConfigurationList;
			buildConfigurations = (G10000000000000000000003 /* Debug */, G10000000000000000000004 /* Release */);
			defaultConfigurationIsVisible = 0;
			defaultConfigurationName = Release;
		};
/* End XCConfigurationList section */
	};
	rootObject = E10000000000000000000002 /* Project object */;
}
